{
  "name": "workflowtree",
  "version": "1.0.0",
  "lockfileVersion": 1,
  "requires": true,
  "dependencies": {
    "typescript": {
      "version": "4.2.3",
      "resolved": "https://dvanschepdael.pkgs.visualstudio.com/_packaging/vgfeed/npm/registry/typescript/-/typescript-4.2.3.tgz",
      "integrity": "sha1-OQYtgBmRLUNyYpjwlJPVmASMHOM=",
      "dev": true
    }
  }
}
